
Microsoft Visual Studio Solution File, Format Version 11.00
# Visual Studio 2010
Project("{FAE04EC0-301F-11D3-BF4B-00C04F79EFBC}") = "Assembly-CSharp", "Assembly-CSharp.csproj", "{10b31f90-33e9-9fe1-a87e-6ea7f2ee2e45}"
EndProject
Project("{FAE04EC0-301F-11D3-BF4B-00C04F79EFBC}") = "Assembly-CSharp-firstpass", "Assembly-CSharp-firstpass.csproj", "{ab3228f2-6666-5d39-28d0-feaf0501068b}"
EndProject
Global
	GlobalSection(SolutionConfigurationPlatforms) = preSolution
		Debug|Any CPU = Debug|Any CPU
		Release|Any CPU = Release|Any CPU
	EndGlobalSection
	GlobalSection(ProjectConfigurationPlatforms) = postSolution
		{10b31f90-33e9-9fe1-a87e-6ea7f2ee2e45}.Debug|Any CPU.ActiveCfg = Debug|Any CPU
		{10b31f90-33e9-9fe1-a87e-6ea7f2ee2e45}.Debug|Any CPU.Build.0 = Debug|Any CPU
		{10b31f90-33e9-9fe1-a87e-6ea7f2ee2e45}.Release|Any CPU.ActiveCfg = Release|Any CPU
		{10b31f90-33e9-9fe1-a87e-6ea7f2ee2e45}.Release|Any CPU.Build.0 = Release|Any CPU
		{ab3228f2-6666-5d39-28d0-feaf0501068b}.Debug|Any CPU.ActiveCfg = Debug|Any CPU
		{ab3228f2-6666-5d39-28d0-feaf0501068b}.Debug|Any CPU.Build.0 = Debug|Any CPU
		{ab3228f2-6666-5d39-28d0-feaf0501068b}.Release|Any CPU.ActiveCfg = Release|Any CPU
		{ab3228f2-6666-5d39-28d0-feaf0501068b}.Release|Any CPU.Build.0 = Release|Any CPU
	EndGlobalSection
	GlobalSection(SolutionProperties) = preSolution
		HideSolutionNode = FALSE
	EndGlobalSection
EndGlobal
