
Microsoft Visual Studio Solution File, Format Version 11.00
# Visual Studio 2010
Project("{FAE04EC0-301F-11D3-BF4B-00C04F79EFBC}") = "Assembly-CSharp", "Assembly-CSharp.csproj", "{c9502bf0-6a16-a3cb-91e6-ad67761420b5}"
EndProject
Project("{FAE04EC0-301F-11D3-BF4B-00C04F79EFBC}") = "Assembly-CSharp-firstpass", "Assembly-CSharp-firstpass.csproj", "{1ac5053e-0956-3c7a-b021-c25896967679}"
EndProject
Global
	GlobalSection(SolutionConfigurationPlatforms) = preSolution
		Debug|Any CPU = Debug|Any CPU
		Release|Any CPU = Release|Any CPU
	EndGlobalSection
	GlobalSection(ProjectConfigurationPlatforms) = postSolution
		{c9502bf0-6a16-a3cb-91e6-ad67761420b5}.Debug|Any CPU.ActiveCfg = Debug|Any CPU
		{c9502bf0-6a16-a3cb-91e6-ad67761420b5}.Debug|Any CPU.Build.0 = Debug|Any CPU
		{c9502bf0-6a16-a3cb-91e6-ad67761420b5}.Release|Any CPU.ActiveCfg = Release|Any CPU
		{c9502bf0-6a16-a3cb-91e6-ad67761420b5}.Release|Any CPU.Build.0 = Release|Any CPU
		{1ac5053e-0956-3c7a-b021-c25896967679}.Debug|Any CPU.ActiveCfg = Debug|Any CPU
		{1ac5053e-0956-3c7a-b021-c25896967679}.Debug|Any CPU.Build.0 = Debug|Any CPU
		{1ac5053e-0956-3c7a-b021-c25896967679}.Release|Any CPU.ActiveCfg = Release|Any CPU
		{1ac5053e-0956-3c7a-b021-c25896967679}.Release|Any CPU.Build.0 = Release|Any CPU
	EndGlobalSection
	GlobalSection(SolutionProperties) = preSolution
		HideSolutionNode = FALSE
	EndGlobalSection
EndGlobal
